
Microsoft Visual Studio Solution File, Format Version 12.00
# Visual Studio Version 17
VisualStudioVersion = 17.4.33205.214
MinimumVisualStudioVersion = 10.0.40219.1
Project("{FAE04EC0-301F-11D3-BF4B-00C04F79EFBC}") = "Lesson 5", "Lesson 5.csproj", "{FB3AE1A9-5A61-4583-8877-BD757C2A00F4}"
EndProject
Global
	GlobalSection(SolutionConfigurationPlatforms) = preSolution
		Debug|Any CPU = Debug|Any CPU
		Release|Any CPU = Release|Any CPU
	EndGlobalSection
	GlobalSection(ProjectConfigurationPlatforms) = postSolution
		{FB3AE1A9-5A61-4583-8877-BD757C2A00F4}.Debug|Any CPU.ActiveCfg = Debug|Any CPU
		{FB3AE1A9-5A61-4583-8877-BD757C2A00F4}.Debug|Any CPU.Build.0 = Debug|Any CPU
		{FB3AE1A9-5A61-4583-8877-BD757C2A00F4}.Release|Any CPU.ActiveCfg = Release|Any CPU
		{FB3AE1A9-5A61-4583-8877-BD757C2A00F4}.Release|Any CPU.Build.0 = Release|Any CPU
	EndGlobalSection
	GlobalSection(SolutionProperties) = preSolution
		HideSolutionNode = FALSE
	EndGlobalSection
	GlobalSection(ExtensibilityGlobals) = postSolution
		SolutionGuid = {3A6D3FCE-9CD9-4E07-A455-7553CE946AE8}
	EndGlobalSection
EndGlobal
